
Microsoft Visual Studio Solution File, Format Version 12.00
# Visual Studio Version 17
VisualStudioVersion = 17.0.31903.59
MinimumVisualStudioVersion = 10.0.40219.1
Project("{2150E333-8FDC-42A3-9474-1A3956D46DE8}") = "src", "src", "{9A79EE26-18DC-4CAF-BC78-FCFAA1D14D7E}"
EndProject
Project("{2150E333-8FDC-42A3-9474-1A3956D46DE8}") = "UserService", "UserService", "{BBBC3FFE-D666-4666-9D7F-0F655F139D50}"
EndProject
Project("{FAE04EC0-301F-11D3-BF4B-00C04F79EFBC}") = "UserService.Api", "src\UserService\Api\UserService.Api.csproj", "{6041DA57-FD10-46F6-A262-EB077BE5EB12}"
EndProject
Project("{FAE04EC0-301F-11D3-BF4B-00C04F79EFBC}") = "UserService.Application", "src\UserService\Application\UserService.Application.csproj", "{6AA6BDDD-495A-4B1A-BBB4-A57A6537CABE}"
EndProject
Project("{FAE04EC0-301F-11D3-BF4B-00C04F79EFBC}") = "UserService.Domain", "src\UserService\Domain\UserService.Domain.csproj", "{F349EC7D-FA73-4D71-993B-FFDCC45CC73C}"
EndProject
Project("{FAE04EC0-301F-11D3-BF4B-00C04F79EFBC}") = "UserService.Infrastructure", "src\UserService\Infrastructure\UserService.Infrastructure.csproj", "{4CF89A3D-155E-4888-9AE5-EB6ECC018358}"
EndProject
Project("{2150E333-8FDC-42A3-9474-1A3956D46DE8}") = "ProductService", "ProductService", "{5D61EBC8-CABC-4FC4-944C-8100EC32EDD9}"
EndProject
Project("{FAE04EC0-301F-11D3-BF4B-00C04F79EFBC}") = "ProductService.Api", "src\ProductService\Api\ProductService.Api.csproj", "{620FBEC0-A05B-4337-9B66-631FB8999B4F}"
EndProject
Project("{FAE04EC0-301F-11D3-BF4B-00C04F79EFBC}") = "ProductService.Application", "src\ProductService\Application\ProductService.Application.csproj", "{C1632560-406D-47D9-9E96-508BFFEF2E25}"
EndProject
Project("{FAE04EC0-301F-11D3-BF4B-00C04F79EFBC}") = "ProductService.Domain", "src\ProductService\Domain\ProductService.Domain.csproj", "{61DACFF4-B7C4-4893-8270-595E7509A11C}"
EndProject
Project("{FAE04EC0-301F-11D3-BF4B-00C04F79EFBC}") = "ProductService.Infrastructure", "src\ProductService\Infrastructure\ProductService.Infrastructure.csproj", "{1677E82F-5710-4CFA-9237-58C693E17A20}"
EndProject
Project("{2150E333-8FDC-42A3-9474-1A3956D46DE8}") = "tests", "tests", "{B6F541A9-1DB9-4D43-B3C5-FA65AC5B21B2}"
EndProject
Project("{FAE04EC0-301F-11D3-BF4B-00C04F79EFBC}") = "UserService.UnitTests", "tests\UserService.UnitTests\UserService.UnitTests.csproj", "{9482D978-B8C4-43DD-B6AD-E5DA866309FC}"
EndProject
Project("{FAE04EC0-301F-11D3-BF4B-00C04F79EFBC}") = "UserService.IntegrationTests", "tests\UserService.IntegrationTests\UserService.IntegrationTests.csproj", "{39BB7F8C-BD96-4973-9245-0E1E48A6AC18}"
EndProject
Project("{FAE04EC0-301F-11D3-BF4B-00C04F79EFBC}") = "ProductService.UnitTests", "tests\ProductService.UnitTests\ProductService.UnitTests.csproj", "{36CFB0A9-E2C7-433A-8CF2-0220ACEF367A}"
EndProject
Project("{FAE04EC0-301F-11D3-BF4B-00C04F79EFBC}") = "ProductService.IntegrationTests", "tests\ProductService.IntegrationTests\ProductService.IntegrationTests.csproj", "{229385D5-0BC6-4A56-B1F7-23FE37990727}"
EndProject
Project("{2150E333-8FDC-42A3-9474-1A3956D46DE8}") = "Shared", "Shared", "{63A39B97-08D4-409B-A4D2-0A27757761B5}"
EndProject
Project("{FAE04EC0-301F-11D3-BF4B-00C04F79EFBC}") = "Shared.Application", "src\Shared\Application\Shared.Application.csproj", "{E0673D15-5F0D-4927-AC76-846E893E4CDE}"
EndProject
Global
	GlobalSection(SolutionConfigurationPlatforms) = preSolution
		Debug|Any CPU = Debug|Any CPU
		Release|Any CPU = Release|Any CPU
	EndGlobalSection
	GlobalSection(ProjectConfigurationPlatforms) = postSolution
		{6041DA57-FD10-46F6-A262-EB077BE5EB12}.Debug|Any CPU.ActiveCfg = Debug|Any CPU
		{6041DA57-FD10-46F6-A262-EB077BE5EB12}.Debug|Any CPU.Build.0 = Debug|Any CPU
		{6041DA57-FD10-46F6-A262-EB077BE5EB12}.Release|Any CPU.ActiveCfg = Release|Any CPU
		{6041DA57-FD10-46F6-A262-EB077BE5EB12}.Release|Any CPU.Build.0 = Release|Any CPU
		{6AA6BDDD-495A-4B1A-BBB4-A57A6537CABE}.Debug|Any CPU.ActiveCfg = Debug|Any CPU
		{6AA6BDDD-495A-4B1A-BBB4-A57A6537CABE}.Debug|Any CPU.Build.0 = Debug|Any CPU
		{6AA6BDDD-495A-4B1A-BBB4-A57A6537CABE}.Release|Any CPU.ActiveCfg = Release|Any CPU
		{6AA6BDDD-495A-4B1A-BBB4-A57A6537CABE}.Release|Any CPU.Build.0 = Release|Any CPU
		{F349EC7D-FA73-4D71-993B-FFDCC45CC73C}.Debug|Any CPU.ActiveCfg = Debug|Any CPU
		{F349EC7D-FA73-4D71-993B-FFDCC45CC73C}.Debug|Any CPU.Build.0 = Debug|Any CPU
		{F349EC7D-FA73-4D71-993B-FFDCC45CC73C}.Release|Any CPU.ActiveCfg = Release|Any CPU
		{F349EC7D-FA73-4D71-993B-FFDCC45CC73C}.Release|Any CPU.Build.0 = Release|Any CPU
		{4CF89A3D-155E-4888-9AE5-EB6ECC018358}.Debug|Any CPU.ActiveCfg = Debug|Any CPU
		{4CF89A3D-155E-4888-9AE5-EB6ECC018358}.Debug|Any CPU.Build.0 = Debug|Any CPU
		{4CF89A3D-155E-4888-9AE5-EB6ECC018358}.Release|Any CPU.ActiveCfg = Release|Any CPU
		{4CF89A3D-155E-4888-9AE5-EB6ECC018358}.Release|Any CPU.Build.0 = Release|Any CPU
		{620FBEC0-A05B-4337-9B66-631FB8999B4F}.Debug|Any CPU.ActiveCfg = Debug|Any CPU
		{620FBEC0-A05B-4337-9B66-631FB8999B4F}.Debug|Any CPU.Build.0 = Debug|Any CPU
		{620FBEC0-A05B-4337-9B66-631FB8999B4F}.Release|Any CPU.ActiveCfg = Release|Any CPU
		{620FBEC0-A05B-4337-9B66-631FB8999B4F}.Release|Any CPU.Build.0 = Release|Any CPU
		{C1632560-406D-47D9-9E96-508BFFEF2E25}.Debug|Any CPU.ActiveCfg = Debug|Any CPU
		{C1632560-406D-47D9-9E96-508BFFEF2E25}.Debug|Any CPU.Build.0 = Debug|Any CPU
		{C1632560-406D-47D9-9E96-508BFFEF2E25}.Release|Any CPU.ActiveCfg = Release|Any CPU
		{C1632560-406D-47D9-9E96-508BFFEF2E25}.Release|Any CPU.Build.0 = Release|Any CPU
		{61DACFF4-B7C4-4893-8270-595E7509A11C}.Debug|Any CPU.ActiveCfg = Debug|Any CPU
		{61DACFF4-B7C4-4893-8270-595E7509A11C}.Debug|Any CPU.Build.0 = Debug|Any CPU
		{61DACFF4-B7C4-4893-8270-595E7509A11C}.Release|Any CPU.ActiveCfg = Release|Any CPU
		{61DACFF4-B7C4-4893-8270-595E7509A11C}.Release|Any CPU.Build.0 = Release|Any CPU
		{1677E82F-5710-4CFA-9237-58C693E17A20}.Debug|Any CPU.ActiveCfg = Debug|Any CPU
		{1677E82F-5710-4CFA-9237-58C693E17A20}.Debug|Any CPU.Build.0 = Debug|Any CPU
		{1677E82F-5710-4CFA-9237-58C693E17A20}.Release|Any CPU.ActiveCfg = Release|Any CPU
		{1677E82F-5710-4CFA-9237-58C693E17A20}.Release|Any CPU.Build.0 = Release|Any CPU
		{9482D978-B8C4-43DD-B6AD-E5DA866309FC}.Debug|Any CPU.ActiveCfg = Debug|Any CPU
		{9482D978-B8C4-43DD-B6AD-E5DA866309FC}.Debug|Any CPU.Build.0 = Debug|Any CPU
		{9482D978-B8C4-43DD-B6AD-E5DA866309FC}.Release|Any CPU.ActiveCfg = Release|Any CPU
		{9482D978-B8C4-43DD-B6AD-E5DA866309FC}.Release|Any CPU.Build.0 = Release|Any CPU
		{39BB7F8C-BD96-4973-9245-0E1E48A6AC18}.Debug|Any CPU.ActiveCfg = Debug|Any CPU
		{39BB7F8C-BD96-4973-9245-0E1E48A6AC18}.Debug|Any CPU.Build.0 = Debug|Any CPU
		{39BB7F8C-BD96-4973-9245-0E1E48A6AC18}.Release|Any CPU.ActiveCfg = Release|Any CPU
		{39BB7F8C-BD96-4973-9245-0E1E48A6AC18}.Release|Any CPU.Build.0 = Release|Any CPU
		{36CFB0A9-E2C7-433A-8CF2-0220ACEF367A}.Debug|Any CPU.ActiveCfg = Debug|Any CPU
		{36CFB0A9-E2C7-433A-8CF2-0220ACEF367A}.Debug|Any CPU.Build.0 = Debug|Any CPU
		{36CFB0A9-E2C7-433A-8CF2-0220ACEF367A}.Release|Any CPU.ActiveCfg = Release|Any CPU
		{36CFB0A9-E2C7-433A-8CF2-0220ACEF367A}.Release|Any CPU.Build.0 = Release|Any CPU
		{229385D5-0BC6-4A56-B1F7-23FE37990727}.Debug|Any CPU.ActiveCfg = Debug|Any CPU
		{229385D5-0BC6-4A56-B1F7-23FE37990727}.Debug|Any CPU.Build.0 = Debug|Any CPU
		{229385D5-0BC6-4A56-B1F7-23FE37990727}.Release|Any CPU.ActiveCfg = Release|Any CPU
		{229385D5-0BC6-4A56-B1F7-23FE37990727}.Release|Any CPU.Build.0 = Release|Any CPU
		{E0673D15-5F0D-4927-AC76-846E893E4CDE}.Debug|Any CPU.ActiveCfg = Debug|Any CPU
		{E0673D15-5F0D-4927-AC76-846E893E4CDE}.Debug|Any CPU.Build.0 = Debug|Any CPU
		{E0673D15-5F0D-4927-AC76-846E893E4CDE}.Release|Any CPU.ActiveCfg = Release|Any CPU
		{E0673D15-5F0D-4927-AC76-846E893E4CDE}.Release|Any CPU.Build.0 = Release|Any CPU
	EndGlobalSection
	GlobalSection(SolutionProperties) = preSolution
		HideSolutionNode = FALSE
	EndGlobalSection
	GlobalSection(NestedProjects) = preSolution
		{BBBC3FFE-D666-4666-9D7F-0F655F139D50} = {9A79EE26-18DC-4CAF-BC78-FCFAA1D14D7E}
		{6041DA57-FD10-46F6-A262-EB077BE5EB12} = {BBBC3FFE-D666-4666-9D7F-0F655F139D50}
		{6AA6BDDD-495A-4B1A-BBB4-A57A6537CABE} = {BBBC3FFE-D666-4666-9D7F-0F655F139D50}
		{F349EC7D-FA73-4D71-993B-FFDCC45CC73C} = {BBBC3FFE-D666-4666-9D7F-0F655F139D50}
		{4CF89A3D-155E-4888-9AE5-EB6ECC018358} = {BBBC3FFE-D666-4666-9D7F-0F655F139D50}
		{5D61EBC8-CABC-4FC4-944C-8100EC32EDD9} = {9A79EE26-18DC-4CAF-BC78-FCFAA1D14D7E}
		{620FBEC0-A05B-4337-9B66-631FB8999B4F} = {5D61EBC8-CABC-4FC4-944C-8100EC32EDD9}
		{C1632560-406D-47D9-9E96-508BFFEF2E25} = {5D61EBC8-CABC-4FC4-944C-8100EC32EDD9}
		{61DACFF4-B7C4-4893-8270-595E7509A11C} = {5D61EBC8-CABC-4FC4-944C-8100EC32EDD9}
		{1677E82F-5710-4CFA-9237-58C693E17A20} = {5D61EBC8-CABC-4FC4-944C-8100EC32EDD9}
		{9482D978-B8C4-43DD-B6AD-E5DA866309FC} = {B6F541A9-1DB9-4D43-B3C5-FA65AC5B21B2}
		{39BB7F8C-BD96-4973-9245-0E1E48A6AC18} = {B6F541A9-1DB9-4D43-B3C5-FA65AC5B21B2}
		{36CFB0A9-E2C7-433A-8CF2-0220ACEF367A} = {B6F541A9-1DB9-4D43-B3C5-FA65AC5B21B2}
		{229385D5-0BC6-4A56-B1F7-23FE37990727} = {B6F541A9-1DB9-4D43-B3C5-FA65AC5B21B2}
		{63A39B97-08D4-409B-A4D2-0A27757761B5} = {9A79EE26-18DC-4CAF-BC78-FCFAA1D14D7E}
		{E0673D15-5F0D-4927-AC76-846E893E4CDE} = {63A39B97-08D4-409B-A4D2-0A27757761B5}
	EndGlobalSection
EndGlobal
